// !$*UTF8*$!
{
	archiveVersion = 1;
	classes = {
	};
	objectVersion = 56;
	objects = {

/* Begin PBXBuildFile section */
		CC88EDC72981A1FE00FE7287 /* AppDelegate.swift in Sources */ = {isa = PBXBuildFile; fileRef = CC88EDC62981A1FE00FE7287 /* AppDelegate.swift */; };
		CC88EDC92981A1FF00FE7287 /* SceneDelegate.swift in Sources */ = {isa = PBXBuildFile; fileRef = CC88EDC82981A1FF00FE7287 /* SceneDelegate.swift */; };
		CC88EDCB2981A1FF00FE7287 /* ViewController.swift in Sources */ = {isa = PBXBuildFile; fileRef = CC88EDCA2981A1FF00FE7287 /* ViewController.swift */; };
		CC88EDCE2981A1FF00FE7287 /* Main.storyboard in Resources */ = {isa = PBXBuildFile; fileRef = CC88EDCC2981A1FF00FE7287 /* Main.storyboard */; };
		CC88EDD02981A1FF00FE7287 /* Assets.xcassets in Resources */ = {isa = PBXBuildFile; fileRef = CC88EDCF2981A1FF00FE7287 /* Assets.xcassets */; };
		CC88EDD32981A1FF00FE7287 /* LaunchScreen.storyboard in Resources */ = {isa = PBXBuildFile; fileRef = CC88EDD12981A1FF00FE7287 /* LaunchScreen.storyboard */; };
		CC88EDDE2981A1FF00FE7287 /* ClickerTests.swift in Sources */ = {isa = PBXBuildFile; fileRef = CC88EDDD2981A1FF00FE7287 /* ClickerTests.swift */; };
		CC88EDE82981A1FF00FE7287 /* ClickerUITests.swift in Sources */ = {isa = PBXBuildFile; fileRef = CC88EDE72981A1FF00FE7287 /* ClickerUITests.swift */; };
		CC88EDEA2981A1FF00FE7287 /* ClickerUITestsLaunchTests.swift in Sources */ = {isa = PBXBuildFile; fileRef = CC88EDE92981A1FF00FE7287 /* ClickerUITestsLaunchTests.swift */; };
/* End PBXBuildFile section */

/* Begin PBXContainerItemProxy section */
		CC88EDDA2981A1FF00FE7287 /* PBXContainerItemProxy */ = {
			isa = PBXContainerItemProxy;
			containerPortal = CC88EDBB2981A1FE00FE7287 /* Project object */;
			proxyType = 1;
			remoteGlobalIDString = CC88EDC22981A1FE00FE7287;
			remoteInfo = Clicker;
		};
		CC88EDE42981A1FF00FE7287 /* PBXContainerItemProxy */ = {
			isa = PBXContainerItemProxy;
			containerPortal = CC88EDBB2981A1FE00FE7287 /* Project object */;
			proxyType = 1;
			remoteGlobalIDString = CC88EDC22981A1FE00FE7287;
			remoteInfo = Clicker;
		};
/* End PBXContainerItemProxy section */

/* Begin PBXFileReference section */
		CC88EDC32981A1FE00FE7287 /* Clicker.app */ = {isa = PBXFileReference; explicitFileType = wrapper.application; includeInIndex = 0; path = Clicker.app; sourceTree = BUILT_PRODUCTS_DIR; };
		CC88EDC62981A1FE00FE7287 /* AppDelegate.swift */ = {isa = PBXFileReference; lastKnownFileType = sourcecode.swift; path = AppDelegate.swift; sourceTree = "<group>"; };
		CC88EDC82981A1FF00FE7287 /* SceneDelegate.swift */ = {isa = PBXFileReference; lastKnownFileType = sourcecode.swift; path = SceneDelegate.swift; sourceTree = "<group>"; };
		CC88EDCA2981A1FF00FE7287 /* ViewController.swift */ = {isa = PBXFileReference; lastKnownFileType = sourcecode.swift; path = ViewController.swift; sourceTree = "<group>"; };
		CC88EDCD2981A1FF00FE7287 /* Base */ = {isa = PBXFileReference; lastKnownFileType = file.storyboard; name = Base; path = Base.lproj/Main.storyboard; sourceTree = "<group>"; };
		CC88EDCF2981A1FF00FE7287 /* Assets.xcassets */ = {isa = PBXFileReference; lastKnownFileType = folder.assetcatalog; path = Assets.xcassets; sourceTree = "<group>"; };
		CC88EDD22981A1FF00FE7287 /* Base */ = {isa = PBXFileReference; lastKnownFileType = file.storyboard; name = Base; path = Base.lproj/LaunchScreen.storyboard; sourceTree = "<group>"; };
		CC88EDD42981A1FF00FE7287 /* Info.plist */ = {isa = PBXFileReference; lastKnownFileType = text.plist.xml; path = Info.plist; sourceTree = "<group>"; };
		CC88EDD92981A1FF00FE7287 /* ClickerTests.xctest */ = {isa = PBXFileReference; explicitFileType = wrapper.cfbundle; includeInIndex = 0; path = ClickerTests.xctest; sourceTree = BUILT_PRODUCTS_DIR; };
		CC88EDDD2981A1FF00FE7287 /* ClickerTests.swift */ = {isa = PBXFileReference; lastKnownFileType = sourcecode.swift; path = ClickerTests.swift; sourceTree = "<group>"; };
		CC88EDE32981A1FF00FE7287 /* ClickerUITests.xctest */ = {isa = PBXFileReference; explicitFileType = wrapper.cfbundle; includeInIndex = 0; path = ClickerUITests.xctest; sourceTree = BUILT_PRODUCTS_DIR; };
		CC88EDE72981A1FF00FE7287 /* ClickerUITests.swift */ = {isa = PBXFileReference; lastKnownFileType = sourcecode.swift; path = ClickerUITests.swift; sourceTree = "<group>"; };
		CC88EDE92981A1FF00FE7287 /* ClickerUITestsLaunchTests.swift */ = {isa = PBXFileReference; lastKnownFileType = sourcecode.swift; path = ClickerUITestsLaunchTests.swift; sourceTree = "<group>"; };
/* End PBXFileReference section */

/* Begin PBXFrameworksBuildPhase section */
		CC88EDC02981A1FE00FE7287 /* Frameworks */ = {
			isa = PBXFrameworksBuildPhase;
			buildActionMask = 2147483647;
			files = (
			);
			runOnlyForDeploymentPostprocessing = 0;
		};
		CC88EDD62981A1FF00FE7287 /* Frameworks */ = {
			isa = PBXFrameworksBuildPhase;
			buildActionMask = 2147483647;
			files = (
			);
			runOnlyForDeploymentPostprocessing = 0;
		};
		CC88EDE02981A1FF00FE7287 /* Frameworks */ = {
			isa = PBXFrameworksBuildPhase;
			buildActionMask = 2147483647;
			files = (
			);
			runOnlyForDeploymentPostprocessing = 0;
		};
/* End PBXFrameworksBuildPhase section */

/* Begin PBXGroup section */
		CC88EDBA2981A1FE00FE7287 = {
			isa = PBXGroup;
			children = (
				CC88EDC52981A1FE00FE7287 /* Clicker */,
				CC88EDDC2981A1FF00FE7287 /* ClickerTests */,
				CC88EDE62981A1FF00FE7287 /* ClickerUITests */,
				CC88EDC42981A1FE00FE7287 /* Products */,
			);
			sourceTree = "<group>";
		};
		CC88EDC42981A1FE00FE7287 /* Products */ = {
			isa = PBXGroup;
			children = (
				CC88EDC32981A1FE00FE7287 /* Clicker.app */,
				CC88EDD92981A1FF00FE7287 /* ClickerTests.xctest */,
				CC88EDE32981A1FF00FE7287 /* ClickerUITests.xctest */,
			);
			name = Products;
			sourceTree = "<group>";
		};
		CC88EDC52981A1FE00FE7287 /* Clicker */ = {
			isa = PBXGroup;
			children = (
				CC88EDC62981A1FE00FE7287 /* AppDelegate.swift */,
				CC88EDC82981A1FF00FE7287 /* SceneDelegate.swift */,
				CC88EDCA2981A1FF00FE7287 /* ViewController.swift */,
				CC88EDCC2981A1FF00FE7287 /* Main.storyboard */,
				CC88EDCF2981A1FF00FE7287 /* Assets.xcassets */,
				CC88EDD12981A1FF00FE7287 /* LaunchScreen.storyboard */,
				CC88EDD42981A1FF00FE7287 /* Info.plist */,
			);
			path = Clicker;
			sourceTree = "<group>";
		};
		CC88EDDC2981A1FF00FE7287 /* ClickerTests */ = {
			isa = PBXGroup;
			children = (
				CC88EDDD2981A1FF00FE7287 /* ClickerTests.swift */,
			);
			path = ClickerTests;
			sourceTree = "<group>";
		};
		CC88EDE62981A1FF00FE7287 /* ClickerUITests */ = {
			isa = PBXGroup;
			children = (
				CC88EDE72981A1FF00FE7287 /* ClickerUITests.swift */,
				CC88EDE92981A1FF00FE7287 /* ClickerUITestsLaunchTests.swift */,
			);
			path = ClickerUITests;
			sourceTree = "<group>";
		};
/* End PBXGroup section */

/* Begin PBXNativeTarget section */
		CC88EDC22981A1FE00FE7287 /* Clicker */ = {
			isa = PBXNativeTarget;
			buildConfigurationList = CC88EDED2981A1FF00FE7287 /* Build configuration list for PBXNativeTarget "Clicker" */;
			buildPhases = (
				CC88EDBF2981A1FE00FE7287 /* Sources */,
				CC88EDC02981A1FE00FE7287 /* Frameworks */,
				CC88EDC12981A1FE00FE7287 /* Resources */,
			);
			buildRules = (
			);
			dependencies = (
			);
			name = Clicker;
			productName = Clicker;
			productReference = CC88EDC32981A1FE00FE7287 /* Clicker.app */;
			productType = "com.apple.product-type.application";
		};
		CC88EDD82981A1FF00FE7287 /* ClickerTests */ = {
			isa = PBXNativeTarget;
			buildConfigurationList = CC88EDF02981A1FF00FE7287 /* Build configuration list for PBXNativeTarget "ClickerTests" */;
			buildPhases = (
				CC88EDD52981A1FF00FE7287 /* Sources */,
				CC88EDD62981A1FF00FE7287 /* Frameworks */,
				CC88EDD72981A1FF00FE7287 /* Resources */,
			);
			buildRules = (
			);
			dependencies = (
				CC88EDDB2981A1FF00FE7287 /* PBXTargetDependency */,
			);
			name = ClickerTests;
			productName = ClickerTests;
			productReference = CC88EDD92981A1FF00FE7287 /* ClickerTests.xctest */;
			productType = "com.apple.product-type.bundle.unit-test";
		};
		CC88EDE22981A1FF00FE7287 /* ClickerUITests */ = {
			isa = PBXNativeTarget;
			buildConfigurationList = CC88EDF32981A1FF00FE7287 /* Build configuration list for PBXNativeTarget "ClickerUITests" */;
			buildPhases = (
				CC88EDDF2981A1FF00FE7287 /* Sources */,
				CC88EDE02981A1FF00FE7287 /* Frameworks */,
				CC88EDE12981A1FF00FE7287 /* Resources */,
			);
			buildRules = (
			);
			dependencies = (
				CC88EDE52981A1FF00FE7287 /* PBXTargetDependency */,
			);
			name = ClickerUITests;
			productName = ClickerUITests;
			productReference = CC88EDE32981A1FF00FE7287 /* ClickerUITests.xctest */;
			productType = "com.apple.product-type.bundle.ui-testing";
		};
/* End PBXNativeTarget section */

/* Begin PBXProject section */
		CC88EDBB2981A1FE00FE7287 /* Project object */ = {
			isa = PBXProject;
			attributes = {
				BuildIndependentTargetsInParallel = 1;
				LastSwiftUpdateCheck = 1420;
				LastUpgradeCheck = 1420;
				TargetAttributes = {
					CC88EDC22981A1FE00FE7287 = {
						CreatedOnToolsVersion = 14.2;
					};
					CC88EDD82981A1FF00FE7287 = {
						CreatedOnToolsVersion = 14.2;
						TestTargetID = CC88EDC22981A1FE00FE7287;
					};
					CC88EDE22981A1FF00FE7287 = {
						CreatedOnToolsVersion = 14.2;
						TestTargetID = CC88EDC22981A1FE00FE7287;
					};
				};
			};
			buildConfigurationList = CC88EDBE2981A1FE00FE7287 /* Build configuration list for PBXProject "Clicker" */;
			compatibilityVersion = "Xcode 14.0";
			developmentRegion = en;
			hasScannedForEncodings = 0;
			knownRegions = (
				en,
				Base,
			);
			mainGroup = CC88EDBA2981A1FE00FE7287;
			productRefGroup = CC88EDC42981A1FE00FE7287 /* Products */;
			projectDirPath = "";
			projectRoot = "";
			targets = (
				CC88EDC22981A1FE00FE7287 /* Clicker */,
				CC88EDD82981A1FF00FE7287 /* ClickerTests */,
				CC88EDE22981A1FF00FE7287 /* ClickerUITests */,
			);
		};
/* End PBXProject section */

/* Begin PBXResourcesBuildPhase section */
		CC88EDC12981A1FE00FE7287 /* Resources */ = {
			isa = PBXResourcesBuildPhase;
			buildActionMask = 2147483647;
			files = (
				CC88EDD32981A1FF00FE7287 /* LaunchScreen.storyboard in Resources */,
				CC88EDD02981A1FF00FE7287 /* Assets.xcassets in Resources */,
				CC88EDCE2981A1FF00FE7287 /* Main.storyboard in Resources */,
			);
			runOnlyForDeploymentPostprocessing = 0;
		};
		CC88EDD72981A1FF00FE7287 /* Resources */ = {
			isa = PBXResourcesBuildPhase;
			buildActionMask = 2147483647;
			files = (
			);
			runOnlyForDeploymentPostprocessing = 0;
		};
		CC88EDE12981A1FF00FE7287 /* Resources */ = {
			isa = PBXResourcesBuildPhase;
			buildActionMask = 2147483647;
			files = (
			);
			runOnlyForDeploymentPostprocessing = 0;
		};
/* End PBXResourcesBuildPhase section */

/* Begin PBXSourcesBuildPhase section */
		CC88EDBF2981A1FE00FE7287 /* Sources */ = {
			isa = PBXSourcesBuildPhase;
			buildActionMask = 2147483647;
			files = (
				CC88EDCB2981A1FF00FE7287 /* ViewController.swift in Sources */,
				CC88EDC72981A1FE00FE7287 /* AppDelegate.swift in Sources */,
				CC88EDC92981A1FF00FE7287 /* SceneDelegate.swift in Sources */,
			);
			runOnlyForDeploymentPostprocessing = 0;
		};
		CC88EDD52981A1FF00FE7287 /* Sources */ = {
			isa = PBXSourcesBuildPhase;
			buildActionMask = 2147483647;
			files = (
				CC88EDDE2981A1FF00FE7287 /* ClickerTests.swift in Sources */,
			);
			runOnlyForDeploymentPostprocessing = 0;
		};
		CC88EDDF2981A1FF00FE7287 /* Sources */ = {
			isa = PBXSourcesBuildPhase;
			buildActionMask = 2147483647;
			files = (
				CC88EDEA2981A1FF00FE7287 /* ClickerUITestsLaunchTests.swift in Sources */,
				CC88EDE82981A1FF00FE7287 /* ClickerUITests.swift in Sources */,
			);
			runOnlyForDeploymentPostprocessing = 0;
		};
/* End PBXSourcesBuildPhase section */

/* Begin PBXTargetDependency section */
		CC88EDDB2981A1FF00FE7287 /* PBXTargetDependency */ = {
			isa = PBXTargetDependency;
			target = CC88EDC22981A1FE00FE7287 /* Clicker */;
			targetProxy = CC88EDDA2981A1FF00FE7287 /* PBXContainerItemProxy */;
		};
		CC88EDE52981A1FF00FE7287 /* PBXTargetDependency */ = {
			isa = PBXTargetDependency;
			target = CC88EDC22981A1FE00FE7287 /* Clicker */;
			targetProxy = CC88EDE42981A1FF00FE7287 /* PBXContainerItemProxy */;
		};
/* End PBXTargetDependency section */

/* Begin PBXVariantGroup section */
		CC88EDCC2981A1FF00FE7287 /* Main.storyboard */ = {
			isa = PBXVariantGroup;
			children = (
				CC88EDCD2981A1FF00FE7287 /* Base */,
			);
			name = Main.storyboard;
			sourceTree = "<group>";
		};
		CC88EDD12981A1FF00FE7287 /* LaunchScreen.storyboard */ = {
			isa = PBXVariantGroup;
			children = (
				CC88EDD22981A1FF00FE7287 /* Base */,
			);
			name = LaunchScreen.storyboard;
			sourceTree = "<group>";
		};
/* End PBXVariantGroup section */

/* Begin XCBuildConfiguration section */
		CC88EDEB2981A1FF00FE7287 /* Debug */ = {
			isa = XCBuildConfiguration;
			buildSettings = {
				ALWAYS_SEARCH_USER_PATHS = NO;
				CLANG_ANALYZER_NONNULL = YES;
				CLANG_ANALYZER_NUMBER_OBJECT_CONVERSION = YES_AGGRESSIVE;
				CLANG_CXX_LANGUAGE_STANDARD = "gnu++20";
				CLANG_ENABLE_MODULES = YES;
				CLANG_ENABLE_OBJC_ARC = YES;
				CLANG_ENABLE_OBJC_WEAK = YES;
				CLANG_WARN_BLOCK_CAPTURE_AUTORELEASING = YES;
				CLANG_WARN_BOOL_CONVERSION = YES;
				CLANG_WARN_COMMA = YES;
				CLANG_WARN_CONSTANT_CONVERSION = YES;
				CLANG_WARN_DEPRECATED_OBJC_IMPLEMENTATIONS = YES;
				CLANG_WARN_DIRECT_OBJC_ISA_USAGE = YES_ERROR;
				CLANG_WARN_DOCUMENTATION_COMMENTS = YES;
				CLANG_WARN_EMPTY_BODY = YES;
				CLANG_WARN_ENUM_CONVERSION = YES;
				CLANG_WARN_INFINITE_RECURSION = YES;
				CLANG_WARN_INT_CONVERSION = YES;
				CLANG_WARN_NON_LITERAL_NULL_CONVERSION = YES;
				CLANG_WARN_OBJC_IMPLICIT_RETAIN_SELF = YES;
				CLANG_WARN_OBJC_LITERAL_CONVERSION = YES;
				CLANG_WARN_OBJC_ROOT_CLASS = YES_ERROR;
				CLANG_WARN_QUOTED_INCLUDE_IN_FRAMEWORK_HEADER = YES;
				CLANG_WARN_RANGE_LOOP_ANALYSIS = YES;
				CLANG_WARN_STRICT_PROTOTYPES = YES;
				CLANG_WARN_SUSPICIOUS_MOVE = YES;
				CLANG_WARN_UNGUARDED_AVAILABILITY = YES_AGGRESSIVE;
				CLANG_WARN_UNREACHABLE_CODE = YES;
				CLANG_WARN__DUPLICATE_METHOD_MATCH = YES;
				COPY_PHASE_STRIP = NO;
				DEBUG_INFORMATION_FORMAT = dwarf;
				ENABLE_STRICT_OBJC_MSGSEND = YES;
				ENABLE_TESTABILITY = YES;
				GCC_C_LANGUAGE_STANDARD = gnu11;
				GCC_DYNAMIC_NO_PIC = NO;
				GCC_NO_COMMON_BLOCKS = YES;
				GCC_OPTIMIZATION_LEVEL = 0;
				GCC_PREPROCESSOR_DEFINITIONS = (
					"DEBUG=1",
					"$(inherited)",
				);
				GCC_WARN_64_TO_32_BIT_CONVERSION = YES;
				GCC_WARN_ABOUT_RETURN_TYPE = YES_ERROR;
				GCC_WARN_UNDECLARED_SELECTOR = YES;
				GCC_WARN_UNINITIALIZED_AUTOS = YES_AGGRESSIVE;
				GCC_WARN_UNUSED_FUNCTION = YES;
				GCC_WARN_UNUSED_VARIABLE = YES;
				IPHONEOS_DEPLOYMENT_TARGET = 16.2;
				MTL_ENABLE_DEBUG_INFO = INCLUDE_SOURCE;
				MTL_FAST_MATH = YES;
				ONLY_ACTIVE_ARCH = YES;
				SDKROOT = iphoneos;
				SWIFT_ACTIVE_COMPILATION_CONDITIONS = DEBUG;
				SWIFT_OPTIMIZATION_LEVEL = "-Onone";
			};
			name = Debug;
		};
		CC88EDEC2981A1FF00FE7287 /* Release */ = {
			isa = XCBuildConfiguration;
			buildSettings = {
				ALWAYS_SEARCH_USER_PATHS = NO;
				CLANG_ANALYZER_NONNULL = YES;
				CLANG_ANALYZER_NUMBER_OBJECT_CONVERSION = YES_AGGRESSIVE;
				CLANG_CXX_LANGUAGE_STANDARD = "gnu++20";
				CLANG_ENABLE_MODULES = YES;
				CLANG_ENABLE_OBJC_ARC = YES;
				CLANG_ENABLE_OBJC_WEAK = YES;
				CLANG_WARN_BLOCK_CAPTURE_AUTORELEASING = YES;
				CLANG_WARN_BOOL_CONVERSION = YES;
				CLANG_WARN_COMMA = YES;
				CLANG_WARN_CONSTANT_CONVERSION = YES;
				CLANG_WARN_DEPRECATED_OBJC_IMPLEMENTATIONS = YES;
				CLANG_WARN_DIRECT_OBJC_ISA_USAGE = YES_ERROR;
				CLANG_WARN_DOCUMENTATION_COMMENTS = YES;
				CLANG_WARN_EMPTY_BODY = YES;
				CLANG_WARN_ENUM_CONVERSION = YES;
				CLANG_WARN_INFINITE_RECURSION = YES;
				CLANG_WARN_INT_CONVERSION = YES;
				CLANG_WARN_NON_LITERAL_NULL_CONVERSION = YES;
				CLANG_WARN_OBJC_IMPLICIT_RETAIN_SELF = YES;
				CLANG_WARN_OBJC_LITERAL_CONVERSION = YES;
				CLANG_WARN_OBJC_ROOT_CLASS = YES_ERROR;
				CLANG_WARN_QUOTED_INCLUDE_IN_FRAMEWORK_HEADER = YES;
				CLANG_WARN_RANGE_LOOP_ANALYSIS = YES;
				CLANG_WARN_STRICT_PROTOTYPES = YES;
				CLANG_WARN_SUSPICIOUS_MOVE = YES;
				CLANG_WARN_UNGUARDED_AVAILABILITY = YES_AGGRESSIVE;
				CLANG_WARN_UNREACHABLE_CODE = YES;
				CLANG_WARN__DUPLICATE_METHOD_MATCH = YES;
				COPY_PHASE_STRIP = NO;
				DEBUG_INFORMATION_FORMAT = "dwarf-with-dsym";
				ENABLE_NS_ASSERTIONS = NO;
				ENABLE_STRICT_OBJC_MSGSEND = YES;
				GCC_C_LANGUAGE_STANDARD = gnu11;
				GCC_NO_COMMON_BLOCKS = YES;
				GCC_WARN_64_TO_32_BIT_CONVERSION = YES;
				GCC_WARN_ABOUT_RETURN_TYPE = YES_ERROR;
				GCC_WARN_UNDECLARED_SELECTOR = YES;
				GCC_WARN_UNINITIALIZED_AUTOS = YES_AGGRESSIVE;
				GCC_WARN_UNUSED_FUNCTION = YES;
				GCC_WARN_UNUSED_VARIABLE = YES;
				IPHONEOS_DEPLOYMENT_TARGET = 16.2;
				MTL_ENABLE_DEBUG_INFO = NO;
				MTL_FAST_MATH = YES;
				SDKROOT = iphoneos;
				SWIFT_COMPILATION_MODE = wholemodule;
				SWIFT_OPTIMIZATION_LEVEL = "-O";
				VALIDATE_PRODUCT = YES;
			};
			name = Release;
		};
		CC88EDEE2981A1FF00FE7287 /* Debug */ = {
			isa = XCBuildConfiguration;
			buildSettings = {
				ASSETCATALOG_COMPILER_APPICON_NAME = AppIcon;
				ASSETCATALOG_COMPILER_GLOBAL_ACCENT_COLOR_NAME = AccentColor;
				CODE_SIGN_STYLE = Automatic;
				CURRENT_PROJECT_VERSION = 1;
				DEVELOPMENT_TEAM = M64V58BG55;
				GENERATE_INFOPLIST_FILE = YES;
				INFOPLIST_FILE = Clicker/Info.plist;
				INFOPLIST_KEY_UIApplicationSupportsIndirectInputEvents = YES;
				INFOPLIST_KEY_UILaunchStoryboardName = LaunchScreen;
				INFOPLIST_KEY_UIMainStoryboardFile = Main;
				INFOPLIST_KEY_UISupportedInterfaceOrientations_iPad = "UIInterfaceOrientationPortrait UIInterfaceOrientationPortraitUpsideDown UIInterfaceOrientationLandscapeLeft UIInterfaceOrientationLandscapeRight";
				INFOPLIST_KEY_UISupportedInterfaceOrientations_iPhone = "UIInterfaceOrientationPortrait UIInterfaceOrientationLandscapeLeft UIInterfaceOrientationLandscapeRight";
				LD_RUNPATH_SEARCH_PATHS = (
					"$(inherited)",
					"@executable_path/Frameworks",
				);
				MARKETING_VERSION = 1.0;
				PRODUCT_BUNDLE_IDENTIFIER = Mariia.Clicker.ios.first.try;
				PRODUCT_NAME = "$(TARGET_NAME)";
				SWIFT_EMIT_LOC_STRINGS = YES;
				SWIFT_VERSION = 5.0;
				TARGETED_DEVICE_FAMILY = "1,2";
			};
			name = Debug;
		};
		CC88EDEF2981A1FF00FE7287 /* Release */ = {
			isa = XCBuildConfiguration;
			buildSettings = {
				ASSETCATALOG_COMPILER_APPICON_NAME = AppIcon;
				ASSETCATALOG_COMPILER_GLOBAL_ACCENT_COLOR_NAME = AccentColor;
				CODE_SIGN_STYLE = Automatic;
				CURRENT_PROJECT_VERSION = 1;
				DEVELOPMENT_TEAM = M64V58BG55;
				GENERATE_INFOPLIST_FILE = YES;
				INFOPLIST_FILE = Clicker/Info.plist;
				INFOPLIST_KEY_UIApplicationSupportsIndirectInputEvents = YES;
				INFOPLIST_KEY_UILaunchStoryboardName = LaunchScreen;
				INFOPLIST_KEY_UIMainStoryboardFile = Main;
				INFOPLIST_KEY_UISupportedInterfaceOrientations_iPad = "UIInterfaceOrientationPortrait UIInterfaceOrientationPortraitUpsideDown UIInterfaceOrientationLandscapeLeft UIInterfaceOrientationLandscapeRight";
				INFOPLIST_KEY_UISupportedInterfaceOrientations_iPhone = "UIInterfaceOrientationPortrait UIInterfaceOrientationLandscapeLeft UIInterfaceOrientationLandscapeRight";
				LD_RUNPATH_SEARCH_PATHS = (
					"$(inherited)",
					"@executable_path/Frameworks",
				);
				MARKETING_VERSION = 1.0;
				PRODUCT_BUNDLE_IDENTIFIER = Mariia.Clicker.ios.first.try;
				PRODUCT_NAME = "$(TARGET_NAME)";
				SWIFT_EMIT_LOC_STRINGS = YES;
				SWIFT_VERSION = 5.0;
				TARGETED_DEVICE_FAMILY = "1,2";
			};
			name = Release;
		};
		CC88EDF12981A1FF00FE7287 /* Debug */ = {
			isa = XCBuildConfiguration;
			buildSettings = {
				ALWAYS_EMBED_SWIFT_STANDARD_LIBRARIES = YES;
				BUNDLE_LOADER = "$(TEST_HOST)";
				CODE_SIGN_STYLE = Automatic;
				CURRENT_PROJECT_VERSION = 1;
				DEVELOPMENT_TEAM = M64V58BG55;
				GENERATE_INFOPLIST_FILE = YES;
				IPHONEOS_DEPLOYMENT_TARGET = 16.2;
				MARKETING_VERSION = 1.0;
				PRODUCT_BUNDLE_IDENTIFIER = Mariia.ClickerTests;
				PRODUCT_NAME = "$(TARGET_NAME)";
				SWIFT_EMIT_LOC_STRINGS = NO;
				SWIFT_VERSION = 5.0;
				TARGETED_DEVICE_FAMILY = "1,2";
				TEST_HOST = "$(BUILT_PRODUCTS_DIR)/Clicker.app/$(BUNDLE_EXECUTABLE_FOLDER_PATH)/Clicker";
			};
			name = Debug;
		};
		CC88EDF22981A1FF00FE7287 /* Release */ = {
			isa = XCBuildConfiguration;
			buildSettings = {
				ALWAYS_EMBED_SWIFT_STANDARD_LIBRARIES = YES;
				BUNDLE_LOADER = "$(TEST_HOST)";
				CODE_SIGN_STYLE = Automatic;
				CURRENT_PROJECT_VERSION = 1;
				DEVELOPMENT_TEAM = M64V58BG55;
				GENERATE_INFOPLIST_FILE = YES;
				IPHONEOS_DEPLOYMENT_TARGET = 16.2;
				MARKETING_VERSION = 1.0;
				PRODUCT_BUNDLE_IDENTIFIER = Mariia.ClickerTests;
				PRODUCT_NAME = "$(TARGET_NAME)";
				SWIFT_EMIT_LOC_STRINGS = NO;
				SWIFT_VERSION = 5.0;
				TARGETED_DEVICE_FAMILY = "1,2";
				TEST_HOST = "$(BUILT_PRODUCTS_DIR)/Clicker.app/$(BUNDLE_EXECUTABLE_FOLDER_PATH)/Clicker";
			};
			name = Release;
		};
		CC88EDF42981A1FF00FE7287 /* Debug */ = {
			isa = XCBuildConfiguration;
			buildSettings = {
				ALWAYS_EMBED_SWIFT_STANDARD_LIBRARIES = YES;
				CODE_SIGN_STYLE = Automatic;
				CURRENT_PROJECT_VERSION = 1;
				DEVELOPMENT_TEAM = M64V58BG55;
				GENERATE_INFOPLIST_FILE = YES;
				MARKETING_VERSION = 1.0;
				PRODUCT_BUNDLE_IDENTIFIER = Mariia.ClickerUITests;
				PRODUCT_NAME = "$(TARGET_NAME)";
				SWIFT_EMIT_LOC_STRINGS = NO;
				SWIFT_VERSION = 5.0;
				TARGETED_DEVICE_FAMILY = "1,2";
				TEST_TARGET_NAME = Clicker;
			};
			name = Debug;
		};
		CC88EDF52981A1FF00FE7287 /* Release */ = {
			isa = XCBuildConfiguration;
			buildSettings = {
				ALWAYS_EMBED_SWIFT_STANDARD_LIBRARIES = YES;
				CODE_SIGN_STYLE = Automatic;
				CURRENT_PROJECT_VERSION = 1;
				DEVELOPMENT_TEAM = M64V58BG55;
				GENERATE_INFOPLIST_FILE = YES;
				MARKETING_VERSION = 1.0;
				PRODUCT_BUNDLE_IDENTIFIER = Mariia.ClickerUITests;
				PRODUCT_NAME = "$(TARGET_NAME)";
				SWIFT_EMIT_LOC_STRINGS = NO;
				SWIFT_VERSION = 5.0;
				TARGETED_DEVICE_FAMILY = "1,2";
				TEST_TARGET_NAME = Clicker;
			};
			name = Release;
		};
/* End XCBuildConfiguration section */

/* Begin XCConfigurationList section */
		CC88EDBE2981A1FE00FE7287 /* Build configuration list for PBXProject "Clicker" */ = {
			isa = XCConfigurationList;
			buildConfigurations = (
				CC88EDEB2981A1FF00FE7287 /* Debug */,
				CC88EDEC2981A1FF00FE7287 /* Release */,
			);
			defaultConfigurationIsVisible = 0;
			defaultConfigurationName = Release;
		};
		CC88EDED2981A1FF00FE7287 /* Build configuration list for PBXNativeTarget "Clicker" */ = {
			isa = XCConfigurationList;
			buildConfigurations = (
				CC88EDEE2981A1FF00FE7287 /* Debug */,
				CC88EDEF2981A1FF00FE7287 /* Release */,
			);
			defaultConfigurationIsVisible = 0;
			defaultConfigurationName = Release;
		};
		CC88EDF02981A1FF00FE7287 /* Build configuration list for PBXNativeTarget "ClickerTests" */ = {
			isa = XCConfigurationList;
			buildConfigurations = (
				CC88EDF12981A1FF00FE7287 /* Debug */,
				CC88EDF22981A1FF00FE7287 /* Release */,
			);
			defaultConfigurationIsVisible = 0;
			defaultConfigurationName = Release;
		};
		CC88EDF32981A1FF00FE7287 /* Build configuration list for PBXNativeTarget "ClickerUITests" */ = {
			isa = XCConfigurationList;
			buildConfigurations = (
				CC88EDF42981A1FF00FE7287 /* Debug */,
				CC88EDF52981A1FF00FE7287 /* Release */,
			);
			defaultConfigurationIsVisible = 0;
			defaultConfigurationName = Release;
		};
/* End XCConfigurationList section */
	};
	rootObject = CC88EDBB2981A1FE00FE7287 /* Project object */;
}
